
Microsoft Visual Studio Solution File, Format Version 12.00
# Visual Studio Version 16
VisualStudioVersion = 16.0.31424.327
MinimumVisualStudioVersion = 10.0.40219.1
Project("{888888A0-9F3D-457C-B088-3A5042F75D52}") = "BinarySearchTreeInterviewPrep1", "BinarySearchTreeInterviewPrep1.pyproj", "{CCA80372-F9D1-4DCB-B7F8-012EA1B466C7}"
EndProject
Global
	GlobalSection(SolutionConfigurationPlatforms) = preSolution
		Debug|Any CPU = Debug|Any CPU
		Release|Any CPU = Release|Any CPU
	EndGlobalSection
	GlobalSection(ProjectConfigurationPlatforms) = postSolution
		{CCA80372-F9D1-4DCB-B7F8-012EA1B466C7}.Debug|Any CPU.ActiveCfg = Debug|Any CPU
		{CCA80372-F9D1-4DCB-B7F8-012EA1B466C7}.Release|Any CPU.ActiveCfg = Release|Any CPU
	EndGlobalSection
	GlobalSection(SolutionProperties) = preSolution
		HideSolutionNode = FALSE
	EndGlobalSection
	GlobalSection(ExtensibilityGlobals) = postSolution
		SolutionGuid = {A6953BDB-CB71-4E63-B7B0-724ABF21742F}
	EndGlobalSection
EndGlobal
